{
  "name": "LeetCode",
  "lockfileVersion": 3,
  "requires": true,
  "packages": {
    "": {
      "dependencies": {
        "math-sqrt": "^1.0.1"
      }
    },
    "node_modules/math-sqrt": {
      "version": "1.0.1",
      "resolved": "https://registry.npmjs.org/math-sqrt/-/math-sqrt-1.0.1.tgz",
      "integrity": "sha512-9Tf6eZqSyPptAX/q7R5S3CytqLY228itWgC7hnK+FDn2oqIbbBPq9NavYhVE4BuKyy/YHAGoen+iMQXIij7FhA=="
    }
  }
}
